// !$*UTF8*$!
{
	archiveVersion = 1;
	classes = {
	};
	objectVersion = 50;
	objects = {

/* Begin PBXBuildFile section */
		D4BABC62283CA2BA00D47B17 /* AppDelegate.swift in Sources */ = {isa = PBXBuildFile; fileRef = D4BABC61283CA2BA00D47B17 /* AppDelegate.swift */; };
		D4BABC64283CA2BA00D47B17 /* SceneDelegate.swift in Sources */ = {isa = PBXBuildFile; fileRef = D4BABC63283CA2BA00D47B17 /* SceneDelegate.swift */; };
		D4BABC66283CA2BA00D47B17 /* ViewController.swift in Sources */ = {isa = PBXBuildFile; fileRef = D4BABC65283CA2BA00D47B17 /* ViewController.swift */; };
		D4BABC69283CA2BA00D47B17 /* Main.storyboard in Resources */ = {isa = PBXBuildFile; fileRef = D4BABC67283CA2BA00D47B17 /* Main.storyboard */; };
		D4BABC6B283CA2BC00D47B17 /* Assets.xcassets in Resources */ = {isa = PBXBuildFile; fileRef = D4BABC6A283CA2BC00D47B17 /* Assets.xcassets */; };
		D4BABC6E283CA2BD00D47B17 /* LaunchScreen.storyboard in Resources */ = {isa = PBXBuildFile; fileRef = D4BABC6C283CA2BD00D47B17 /* LaunchScreen.storyboard */; };
		D4BABC77283CA98400D47B17 /* MyTableViewCell.swift in Sources */ = {isa = PBXBuildFile; fileRef = D4BABC76283CA98400D47B17 /* MyTableViewCell.swift */; };
/* End PBXBuildFile section */

/* Begin PBXFileReference section */
		D4BABC5E283CA2BA00D47B17 /* MoviePark.app */ = {isa = PBXFileReference; explicitFileType = wrapper.application; includeInIndex = 0; path = MoviePark.app; sourceTree = BUILT_PRODUCTS_DIR; };
		D4BABC61283CA2BA00D47B17 /* AppDelegate.swift */ = {isa = PBXFileReference; lastKnownFileType = sourcecode.swift; path = AppDelegate.swift; sourceTree = "<group>"; };
		D4BABC63283CA2BA00D47B17 /* SceneDelegate.swift */ = {isa = PBXFileReference; lastKnownFileType = sourcecode.swift; path = SceneDelegate.swift; sourceTree = "<group>"; };
		D4BABC65283CA2BA00D47B17 /* ViewController.swift */ = {isa = PBXFileReference; lastKnownFileType = sourcecode.swift; path = ViewController.swift; sourceTree = "<group>"; };
		D4BABC68283CA2BA00D47B17 /* Base */ = {isa = PBXFileReference; lastKnownFileType = file.storyboard; name = Base; path = Base.lproj/Main.storyboard; sourceTree = "<group>"; };
		D4BABC6A283CA2BC00D47B17 /* Assets.xcassets */ = {isa = PBXFileReference; lastKnownFileType = folder.assetcatalog; path = Assets.xcassets; sourceTree = "<group>"; };
		D4BABC6D283CA2BD00D47B17 /* Base */ = {isa = PBXFileReference; lastKnownFileType = file.storyboard; name = Base; path = Base.lproj/LaunchScreen.storyboard; sourceTree = "<group>"; };
		D4BABC6F283CA2BD00D47B17 /* Info.plist */ = {isa = PBXFileReference; lastKnownFileType = text.plist.xml; path = Info.plist; sourceTree = "<group>"; };
		D4BABC76283CA98400D47B17 /* MyTableViewCell.swift */ = {isa = PBXFileReference; lastKnownFileType = sourcecode.swift; path = MyTableViewCell.swift; sourceTree = "<group>"; };
/* End PBXFileReference section */

/* Begin PBXFrameworksBuildPhase section */
		D4BABC5B283CA2BA00D47B17 /* Frameworks */ = {
			isa = PBXFrameworksBuildPhase;
			buildActionMask = 2147483647;
			files = (
			);
			runOnlyForDeploymentPostprocessing = 0;
		};
/* End PBXFrameworksBuildPhase section */

/* Begin PBXGroup section */
		D4BABC55283CA2BA00D47B17 = {
			isa = PBXGroup;
			children = (
				D4BABC60283CA2BA00D47B17 /* MoviePark */,
				D4BABC5F283CA2BA00D47B17 /* Products */,
			);
			sourceTree = "<group>";
		};
		D4BABC5F283CA2BA00D47B17 /* Products */ = {
			isa = PBXGroup;
			children = (
				D4BABC5E283CA2BA00D47B17 /* MoviePark.app */,
			);
			name = Products;
			sourceTree = "<group>";
		};
		D4BABC60283CA2BA00D47B17 /* MoviePark */ = {
			isa = PBXGroup;
			children = (
				D4BABC61283CA2BA00D47B17 /* AppDelegate.swift */,
				D4BABC63283CA2BA00D47B17 /* SceneDelegate.swift */,
				D4BABC65283CA2BA00D47B17 /* ViewController.swift */,
				D4BABC76283CA98400D47B17 /* MyTableViewCell.swift */,
				D4BABC67283CA2BA00D47B17 /* Main.storyboard */,
				D4BABC6A283CA2BC00D47B17 /* Assets.xcassets */,
				D4BABC6C283CA2BD00D47B17 /* LaunchScreen.storyboard */,
				D4BABC6F283CA2BD00D47B17 /* Info.plist */,
			);
			path = MoviePark;
			sourceTree = "<group>";
		};
/* End PBXGroup section */

/* Begin PBXNativeTarget section */
		D4BABC5D283CA2BA00D47B17 /* MoviePark */ = {
			isa = PBXNativeTarget;
			buildConfigurationList = D4BABC72283CA2BD00D47B17 /* Build configuration list for PBXNativeTarget "MoviePark" */;
			buildPhases = (
				D4BABC5A283CA2BA00D47B17 /* Sources */,
				D4BABC5B283CA2BA00D47B17 /* Frameworks */,
				D4BABC5C283CA2BA00D47B17 /* Resources */,
			);
			buildRules = (
			);
			dependencies = (
			);
			name = MoviePark;
			productName = MoviePark;
			productReference = D4BABC5E283CA2BA00D47B17 /* MoviePark.app */;
			productType = "com.apple.product-type.application";
		};
/* End PBXNativeTarget section */

/* Begin PBXProject section */
		D4BABC56283CA2BA00D47B17 /* Project object */ = {
			isa = PBXProject;
			attributes = {
				LastSwiftUpdateCheck = 1200;
				LastUpgradeCheck = 1200;
				TargetAttributes = {
					D4BABC5D283CA2BA00D47B17 = {
						CreatedOnToolsVersion = 12.0;
					};
				};
			};
			buildConfigurationList = D4BABC59283CA2BA00D47B17 /* Build configuration list for PBXProject "MoviePark" */;
			compatibilityVersion = "Xcode 9.3";
			developmentRegion = en;
			hasScannedForEncodings = 0;
			knownRegions = (
				en,
				Base,
			);
			mainGroup = D4BABC55283CA2BA00D47B17;
			productRefGroup = D4BABC5F283CA2BA00D47B17 /* Products */;
			projectDirPath = "";
			projectRoot = "";
			targets = (
				D4BABC5D283CA2BA00D47B17 /* MoviePark */,
			);
		};
/* End PBXProject section */

/* Begin PBXResourcesBuildPhase section */
		D4BABC5C283CA2BA00D47B17 /* Resources */ = {
			isa = PBXResourcesBuildPhase;
			buildActionMask = 2147483647;
			files = (
				D4BABC6E283CA2BD00D47B17 /* LaunchScreen.storyboard in Resources */,
				D4BABC6B283CA2BC00D47B17 /* Assets.xcassets in Resources */,
				D4BABC69283CA2BA00D47B17 /* Main.storyboard in Resources */,
			);
			runOnlyForDeploymentPostprocessing = 0;
		};
/* End PBXResourcesBuildPhase section */

/* Begin PBXSourcesBuildPhase section */
		D4BABC5A283CA2BA00D47B17 /* Sources */ = {
			isa = PBXSourcesBuildPhase;
			buildActionMask = 2147483647;
			files = (
				D4BABC66283CA2BA00D47B17 /* ViewController.swift in Sources */,
				D4BABC77283CA98400D47B17 /* MyTableViewCell.swift in Sources */,
				D4BABC62283CA2BA00D47B17 /* AppDelegate.swift in Sources */,
				D4BABC64283CA2BA00D47B17 /* SceneDelegate.swift in Sources */,
			);
			runOnlyForDeploymentPostprocessing = 0;
		};
/* End PBXSourcesBuildPhase section */

/* Begin PBXVariantGroup section */
		D4BABC67283CA2BA00D47B17 /* Main.storyboard */ = {
			isa = PBXVariantGroup;
			children = (
				D4BABC68283CA2BA00D47B17 /* Base */,
			);
			name = Main.storyboard;
			sourceTree = "<group>";
		};
		D4BABC6C283CA2BD00D47B17 /* LaunchScreen.storyboard */ = {
			isa = PBXVariantGroup;
			children = (
				D4BABC6D283CA2BD00D47B17 /* Base */,
			);
			name = LaunchScreen.storyboard;
			sourceTree = "<group>";
		};
/* End PBXVariantGroup section */

/* Begin XCBuildConfiguration section */
		D4BABC70283CA2BD00D47B17 /* Debug */ = {
			isa = XCBuildConfiguration;
			buildSettings = {
				ALWAYS_SEARCH_USER_PATHS = NO;
				CLANG_ANALYZER_NONNULL = YES;
				CLANG_ANALYZER_NUMBER_OBJECT_CONVERSION = YES_AGGRESSIVE;
				CLANG_CXX_LANGUAGE_STANDARD = "gnu++14";
				CLANG_CXX_LIBRARY = "libc++";
				CLANG_ENABLE_MODULES = YES;
				CLANG_ENABLE_OBJC_ARC = YES;
				CLANG_ENABLE_OBJC_WEAK = YES;
				CLANG_WARN_BLOCK_CAPTURE_AUTORELEASING = YES;
				CLANG_WARN_BOOL_CONVERSION = YES;
				CLANG_WARN_COMMA = YES;
				CLANG_WARN_CONSTANT_CONVERSION = YES;
				CLANG_WARN_DEPRECATED_OBJC_IMPLEMENTATIONS = YES;
				CLANG_WARN_DIRECT_OBJC_ISA_USAGE = YES_ERROR;
				CLANG_WARN_DOCUMENTATION_COMMENTS = YES;
				CLANG_WARN_EMPTY_BODY = YES;
				CLANG_WARN_ENUM_CONVERSION = YES;
				CLANG_WARN_INFINITE_RECURSION = YES;
				CLANG_WARN_INT_CONVERSION = YES;
				CLANG_WARN_NON_LITERAL_NULL_CONVERSION = YES;
				CLANG_WARN_OBJC_IMPLICIT_RETAIN_SELF = YES;
				CLANG_WARN_OBJC_LITERAL_CONVERSION = YES;
				CLANG_WARN_OBJC_ROOT_CLASS = YES_ERROR;
				CLANG_WARN_QUOTED_INCLUDE_IN_FRAMEWORK_HEADER = YES;
				CLANG_WARN_RANGE_LOOP_ANALYSIS = YES;
				CLANG_WARN_STRICT_PROTOTYPES = YES;
				CLANG_WARN_SUSPICIOUS_MOVE = YES;
				CLANG_WARN_UNGUARDED_AVAILABILITY = YES_AGGRESSIVE;
				CLANG_WARN_UNREACHABLE_CODE = YES;
				CLANG_WARN__DUPLICATE_METHOD_MATCH = YES;
				COPY_PHASE_STRIP = NO;
				DEBUG_INFORMATION_FORMAT = dwarf;
				ENABLE_STRICT_OBJC_MSGSEND = YES;
				ENABLE_TESTABILITY = YES;
				GCC_C_LANGUAGE_STANDARD = gnu11;
				GCC_DYNAMIC_NO_PIC = NO;
				GCC_NO_COMMON_BLOCKS = YES;
				GCC_OPTIMIZATION_LEVEL = 0;
				GCC_PREPROCESSOR_DEFINITIONS = (
					"DEBUG=1",
					"$(inherited)",
				);
				GCC_WARN_64_TO_32_BIT_CONVERSION = YES;
				GCC_WARN_ABOUT_RETURN_TYPE = YES_ERROR;
				GCC_WARN_UNDECLARED_SELECTOR = YES;
				GCC_WARN_UNINITIALIZED_AUTOS = YES_AGGRESSIVE;
				GCC_WARN_UNUSED_FUNCTION = YES;
				GCC_WARN_UNUSED_VARIABLE = YES;
				IPHONEOS_DEPLOYMENT_TARGET = 14.0;
				MTL_ENABLE_DEBUG_INFO = INCLUDE_SOURCE;
				MTL_FAST_MATH = YES;
				ONLY_ACTIVE_ARCH = YES;
				SDKROOT = iphoneos;
				SWIFT_ACTIVE_COMPILATION_CONDITIONS = DEBUG;
				SWIFT_OPTIMIZATION_LEVEL = "-Onone";
			};
			name = Debug;
		};
		D4BABC71283CA2BD00D47B17 /* Release */ = {
			isa = XCBuildConfiguration;
			buildSettings = {
				ALWAYS_SEARCH_USER_PATHS = NO;
				CLANG_ANALYZER_NONNULL = YES;
				CLANG_ANALYZER_NUMBER_OBJECT_CONVERSION = YES_AGGRESSIVE;
				CLANG_CXX_LANGUAGE_STANDARD = "gnu++14";
				CLANG_CXX_LIBRARY = "libc++";
				CLANG_ENABLE_MODULES = YES;
				CLANG_ENABLE_OBJC_ARC = YES;
				CLANG_ENABLE_OBJC_WEAK = YES;
				CLANG_WARN_BLOCK_CAPTURE_AUTORELEASING = YES;
				CLANG_WARN_BOOL_CONVERSION = YES;
				CLANG_WARN_COMMA = YES;
				CLANG_WARN_CONSTANT_CONVERSION = YES;
				CLANG_WARN_DEPRECATED_OBJC_IMPLEMENTATIONS = YES;
				CLANG_WARN_DIRECT_OBJC_ISA_USAGE = YES_ERROR;
				CLANG_WARN_DOCUMENTATION_COMMENTS = YES;
				CLANG_WARN_EMPTY_BODY = YES;
				CLANG_WARN_ENUM_CONVERSION = YES;
				CLANG_WARN_INFINITE_RECURSION = YES;
				CLANG_WARN_INT_CONVERSION = YES;
				CLANG_WARN_NON_LITERAL_NULL_CONVERSION = YES;
				CLANG_WARN_OBJC_IMPLICIT_RETAIN_SELF = YES;
				CLANG_WARN_OBJC_LITERAL_CONVERSION = YES;
				CLANG_WARN_OBJC_ROOT_CLASS = YES_ERROR;
				CLANG_WARN_QUOTED_INCLUDE_IN_FRAMEWORK_HEADER = YES;
				CLANG_WARN_RANGE_LOOP_ANALYSIS = YES;
				CLANG_WARN_STRICT_PROTOTYPES = YES;
				CLANG_WARN_SUSPICIOUS_MOVE = YES;
				CLANG_WARN_UNGUARDED_AVAILABILITY = YES_AGGRESSIVE;
				CLANG_WARN_UNREACHABLE_CODE = YES;
				CLANG_WARN__DUPLICATE_METHOD_MATCH = YES;
				COPY_PHASE_STRIP = NO;
				DEBUG_INFORMATION_FORMAT = "dwarf-with-dsym";
				ENABLE_NS_ASSERTIONS = NO;
				ENABLE_STRICT_OBJC_MSGSEND = YES;
				GCC_C_LANGUAGE_STANDARD = gnu11;
				GCC_NO_COMMON_BLOCKS = YES;
				GCC_WARN_64_TO_32_BIT_CONVERSION = YES;
				GCC_WARN_ABOUT_RETURN_TYPE = YES_ERROR;
				GCC_WARN_UNDECLARED_SELECTOR = YES;
				GCC_WARN_UNINITIALIZED_AUTOS = YES_AGGRESSIVE;
				GCC_WARN_UNUSED_FUNCTION = YES;
				GCC_WARN_UNUSED_VARIABLE = YES;
				IPHONEOS_DEPLOYMENT_TARGET = 14.0;
				MTL_ENABLE_DEBUG_INFO = NO;
				MTL_FAST_MATH = YES;
				SDKROOT = iphoneos;
				SWIFT_COMPILATION_MODE = wholemodule;
				SWIFT_OPTIMIZATION_LEVEL = "-O";
				VALIDATE_PRODUCT = YES;
			};
			name = Release;
		};
		D4BABC73283CA2BD00D47B17 /* Debug */ = {
			isa = XCBuildConfiguration;
			buildSettings = {
				ASSETCATALOG_COMPILER_APPICON_NAME = AppIcon;
				ASSETCATALOG_COMPILER_GLOBAL_ACCENT_COLOR_NAME = AccentColor;
				CODE_SIGN_STYLE = Automatic;
				INFOPLIST_FILE = MoviePark/Info.plist;
				LD_RUNPATH_SEARCH_PATHS = (
					"$(inherited)",
					"@executable_path/Frameworks",
				);
				PRODUCT_BUNDLE_IDENTIFIER = kr.ac.induk.njs.MoviePark;
				PRODUCT_NAME = "$(TARGET_NAME)";
				SWIFT_VERSION = 5.0;
				TARGETED_DEVICE_FAMILY = "1,2";
			};
			name = Debug;
		};
		D4BABC74283CA2BD00D47B17 /* Release */ = {
			isa = XCBuildConfiguration;
			buildSettings = {
				ASSETCATALOG_COMPILER_APPICON_NAME = AppIcon;
				ASSETCATALOG_COMPILER_GLOBAL_ACCENT_COLOR_NAME = AccentColor;
				CODE_SIGN_STYLE = Automatic;
				INFOPLIST_FILE = MoviePark/Info.plist;
				LD_RUNPATH_SEARCH_PATHS = (
					"$(inherited)",
					"@executable_path/Frameworks",
				);
				PRODUCT_BUNDLE_IDENTIFIER = kr.ac.induk.njs.MoviePark;
				PRODUCT_NAME = "$(TARGET_NAME)";
				SWIFT_VERSION = 5.0;
				TARGETED_DEVICE_FAMILY = "1,2";
			};
			name = Release;
		};
/* End XCBuildConfiguration section */

/* Begin XCConfigurationList section */
		D4BABC59283CA2BA00D47B17 /* Build configuration list for PBXProject "MoviePark" */ = {
			isa = XCConfigurationList;
			buildConfigurations = (
				D4BABC70283CA2BD00D47B17 /* Debug */,
				D4BABC71283CA2BD00D47B17 /* Release */,
			);
			defaultConfigurationIsVisible = 0;
			defaultConfigurationName = Release;
		};
		D4BABC72283CA2BD00D47B17 /* Build configuration list for PBXNativeTarget "MoviePark" */ = {
			isa = XCConfigurationList;
			buildConfigurations = (
				D4BABC73283CA2BD00D47B17 /* Debug */,
				D4BABC74283CA2BD00D47B17 /* Release */,
			);
			defaultConfigurationIsVisible = 0;
			defaultConfigurationName = Release;
		};
/* End XCConfigurationList section */
	};
	rootObject = D4BABC56283CA2BA00D47B17 /* Project object */;
}
